
Microsoft Visual Studio Solution File, Format Version 12.00
# Visual Studio Version 17
VisualStudioVersion = 17.5.33414.496
MinimumVisualStudioVersion = 10.0.40219.1
Project("{FAE04EC0-301F-11D3-BF4B-00C04F79EFBC}") = "WebQLNS", "WebQLNS\WebQLNS.csproj", "{C2F175FA-2834-47B9-8AD1-0B9C692F563B}"
EndProject
Project("{FAE04EC0-301F-11D3-BF4B-00C04F79EFBC}") = "WebQuanLyNhanSu", "..\WebQuanLyNhanSu\WebQuanLyNhanSu.csproj", "{8B315D68-BD07-4182-9549-2BE70A371553}"
EndProject
Global
	GlobalSection(SolutionConfigurationPlatforms) = preSolution
		Debug|Any CPU = Debug|Any CPU
		Release|Any CPU = Release|Any CPU
	EndGlobalSection
	GlobalSection(ProjectConfigurationPlatforms) = postSolution
		{C2F175FA-2834-47B9-8AD1-0B9C692F563B}.Debug|Any CPU.ActiveCfg = Debug|Any CPU
		{C2F175FA-2834-47B9-8AD1-0B9C692F563B}.Debug|Any CPU.Build.0 = Debug|Any CPU
		{C2F175FA-2834-47B9-8AD1-0B9C692F563B}.Release|Any CPU.ActiveCfg = Release|Any CPU
		{C2F175FA-2834-47B9-8AD1-0B9C692F563B}.Release|Any CPU.Build.0 = Release|Any CPU
		{8B315D68-BD07-4182-9549-2BE70A371553}.Debug|Any CPU.ActiveCfg = Debug|Any CPU
		{8B315D68-BD07-4182-9549-2BE70A371553}.Debug|Any CPU.Build.0 = Debug|Any CPU
		{8B315D68-BD07-4182-9549-2BE70A371553}.Release|Any CPU.ActiveCfg = Release|Any CPU
		{8B315D68-BD07-4182-9549-2BE70A371553}.Release|Any CPU.Build.0 = Release|Any CPU
	EndGlobalSection
	GlobalSection(SolutionProperties) = preSolution
		HideSolutionNode = FALSE
	EndGlobalSection
	GlobalSection(ExtensibilityGlobals) = postSolution
		SolutionGuid = {9C38FF2F-34F1-4B28-BE5D-A313FCC2CBE8}
	EndGlobalSection
EndGlobal
